
Microsoft Visual Studio Solution File, Format Version 12.00
# Visual Studio Version 16
VisualStudioVersion = 16.0.31229.75
MinimumVisualStudioVersion = 10.0.40219.1
Project("{FAE04EC0-301F-11D3-BF4B-00C04F79EFBC}") = "Scaffolding", "Scaffolding\Scaffolding.csproj", "{51214DF5-3057-47B2-9318-EA5A2D6BDE94}"
EndProject
Global
	GlobalSection(SolutionConfigurationPlatforms) = preSolution
		Debug|Any CPU = Debug|Any CPU
		Release|Any CPU = Release|Any CPU
	EndGlobalSection
	GlobalSection(ProjectConfigurationPlatforms) = postSolution
		{51214DF5-3057-47B2-9318-EA5A2D6BDE94}.Debug|Any CPU.ActiveCfg = Debug|Any CPU
		{51214DF5-3057-47B2-9318-EA5A2D6BDE94}.Debug|Any CPU.Build.0 = Debug|Any CPU
		{51214DF5-3057-47B2-9318-EA5A2D6BDE94}.Release|Any CPU.ActiveCfg = Release|Any CPU
		{51214DF5-3057-47B2-9318-EA5A2D6BDE94}.Release|Any CPU.Build.0 = Release|Any CPU
	EndGlobalSection
	GlobalSection(SolutionProperties) = preSolution
		HideSolutionNode = FALSE
	EndGlobalSection
	GlobalSection(ExtensibilityGlobals) = postSolution
		SolutionGuid = {A6476937-B354-44F4-86CA-01BBAD05B80B}
	EndGlobalSection
EndGlobal
